# This file is automatically @generated by Cargo.
# It is not intended for manual editing.
version = 3

[[package]]
name = "crawdad"
version = "0.4.0"
source = "registry+https://github.com/rust-lang/crates.io-index"
checksum = "9742b11612a5e342c05ae62386a7a486c8fcf60bf835914a469d44c545c3b7fe"

[[package]]
name = "trie_dumper"
version = "0.1.0"
dependencies = [
 "crawdad",
]
